
Microsoft Visual Studio Solution File, Format Version 12.00
# Visual Studio Version 16
VisualStudioVersion = 16.0.31911.196
MinimumVisualStudioVersion = 10.0.40219.1
Project("{FAE04EC0-301F-11D3-BF4B-00C04F79EFBC}") = "MMSSTV.Net", "MMSSTV.Net\MMSSTV.Net.csproj", "{8004FE47-F795-41E8-8FED-68FE532B83B3}"
EndProject
Global
	GlobalSection(SolutionConfigurationPlatforms) = preSolution
		Debug|Any CPU = Debug|Any CPU
		Release|Any CPU = Release|Any CPU
	EndGlobalSection
	GlobalSection(ProjectConfigurationPlatforms) = postSolution
		{8004FE47-F795-41E8-8FED-68FE532B83B3}.Debug|Any CPU.ActiveCfg = Debug|Any CPU
		{8004FE47-F795-41E8-8FED-68FE532B83B3}.Debug|Any CPU.Build.0 = Debug|Any CPU
		{8004FE47-F795-41E8-8FED-68FE532B83B3}.Release|Any CPU.ActiveCfg = Release|Any CPU
		{8004FE47-F795-41E8-8FED-68FE532B83B3}.Release|Any CPU.Build.0 = Release|Any CPU
	EndGlobalSection
	GlobalSection(SolutionProperties) = preSolution
		HideSolutionNode = FALSE
	EndGlobalSection
	GlobalSection(ExtensibilityGlobals) = postSolution
		SolutionGuid = {7ECB5FAD-8769-4034-A373-2D4731BB60B4}
	EndGlobalSection
EndGlobal
